<?xml version="1.0" encoding="UTF-8" standalone="yes" ?>
<CodeBlocks_project_file>
	<FileVersion major="1" minor="6" />
	<Project>
		<Option title="sampdotnethook" />
		<Option platforms="Windows;Unix;" />
		<Option pch_mode="2" />
		<Option compiler="gcc" />
		<Build>
			<Target title="Debug">
				<Option platforms="Windows;Unix;" />
				<Option output="bin/Debug/sampdotnethook" prefix_auto="1" extension_auto="1" />
				<Option object_output="obj/Debug/" />
				<Option type="3" />
				<Option compiler="gcc" />
				<Option projectLinkerOptionsRelation="2" />
				<Compiler>
					<Add option="-m32" />
					<Add directory="include" />
				</Compiler>
				<Linker>
					<Add option="-m32" />
					<Add library="lib/libmono-2.0.so" />
					<Add library="lib/mono-2.0.lib" />
					<Add directory="lib" />
				</Linker>
			</Target>
			<Target title="Release">
				<Option platforms="Windows;Unix;" />
				<Option output="bin/Release/sampdotnethook" prefix_auto="1" extension_auto="1" />
				<Option object_output="obj/Release/" />
				<Option type="3" />
				<Option compiler="gcc" />
				<Option projectLinkerOptionsRelation="2" />
				<Compiler>
					<Add option="-O2" />
					<Add option="-m32" />
					<Add directory="include" />
				</Compiler>
				<Linker>
					<Add option="-s" />
					<Add option="-m32" />
					<Add option="def.def" />
					<Add library="lib/libmono-2.0.so" />
					<Add library="lib/mono-2.0.lib" />
					<Add directory="lib" />
				</Linker>
			</Target>
		</Build>
		<Compiler>
			<Add option="-Wall" />
			<Add option="-fexceptions" />
		</Compiler>
		<Unit filename="src/Invoke.cpp" />
		<Unit filename="src/Invoke.h" />
		<Unit filename="src/Mono.cpp" />
		<Unit filename="src/Mono.h" />
		<Unit filename="src/SDK/amx/amx.h" />
		<Unit filename="src/SDK/amx/sclinux.h" />
		<Unit filename="src/SDK/amxplugin.cpp" />
		<Unit filename="src/SDK/plugincommon.h" />
		<Unit filename="src/a_objects.cpp" />
		<Unit filename="src/a_objects.h" />
		<Unit filename="src/a_players.cpp" />
		<Unit filename="src/a_players.h" />
		<Unit filename="src/a_samp.cpp" />
		<Unit filename="src/a_samp.h" />
		<Unit filename="src/a_vehicles.cpp" />
		<Unit filename="src/a_vehicles.h" />
		<Unit filename="src/callbacks.cpp" />
		<Unit filename="src/callbacks.h" />
		<Unit filename="src/common.h" />
		<Unit filename="src/main.cpp" />
		<Unit filename="src/main.h" />
		<Extensions>
			<code_completion />
			<debugger />
		</Extensions>
	</Project>
</CodeBlocks_project_file>
